// !$*UTF8*$!
{
	archiveVersion = 1;
	classes = {
	};
	objectVersion = 46;
	objects = {

/* Begin PBXBuildFile section */
		365C24D91BA47A0C00A731B2 /* AppDelegate.swift in Sources */ = {isa = PBXBuildFile; fileRef = 365C24D81BA47A0C00A731B2 /* AppDelegate.swift */; };
		365C24DB1BA47A0D00A731B2 /* FirstViewController.swift in Sources */ = {isa = PBXBuildFile; fileRef = 365C24DA1BA47A0D00A731B2 /* FirstViewController.swift */; };
		365C24DD1BA47A0D00A731B2 /* SecondViewController.swift in Sources */ = {isa = PBXBuildFile; fileRef = 365C24DC1BA47A0D00A731B2 /* SecondViewController.swift */; };
		365C24E01BA47A0D00A731B2 /* Main.storyboard in Resources */ = {isa = PBXBuildFile; fileRef = 365C24DE1BA47A0D00A731B2 /* Main.storyboard */; };
		365C24E21BA47A0D00A731B2 /* Images.xcassets in Resources */ = {isa = PBXBuildFile; fileRef = 365C24E11BA47A0D00A731B2 /* Images.xcassets */; };
		365C24E51BA47A0D00A731B2 /* LaunchScreen.xib in Resources */ = {isa = PBXBuildFile; fileRef = 365C24E31BA47A0D00A731B2 /* LaunchScreen.xib */; };
		365C24F11BA47A0D00A731B2 /* LetterChatTests.swift in Sources */ = {isa = PBXBuildFile; fileRef = 365C24F01BA47A0D00A731B2 /* LetterChatTests.swift */; };
		365C24FB1BA47C4500A731B2 /* DrawView.swift in Sources */ = {isa = PBXBuildFile; fileRef = 365C24FA1BA47C4500A731B2 /* DrawView.swift */; };
/* End PBXBuildFile section */

/* Begin PBXContainerItemProxy section */
		365C24EB1BA47A0D00A731B2 /* PBXContainerItemProxy */ = {
			isa = PBXContainerItemProxy;
			containerPortal = 365C24CB1BA47A0C00A731B2 /* Project object */;
			proxyType = 1;
			remoteGlobalIDString = 365C24D21BA47A0C00A731B2;
			remoteInfo = LetterChat;
		};
/* End PBXContainerItemProxy section */

/* Begin PBXFileReference section */
		365C24D31BA47A0C00A731B2 /* LetterChat.app */ = {isa = PBXFileReference; explicitFileType = wrapper.application; includeInIndex = 0; path = LetterChat.app; sourceTree = BUILT_PRODUCTS_DIR; };
		365C24D71BA47A0C00A731B2 /* Info.plist */ = {isa = PBXFileReference; lastKnownFileType = text.plist.xml; path = Info.plist; sourceTree = "<group>"; };
		365C24D81BA47A0C00A731B2 /* AppDelegate.swift */ = {isa = PBXFileReference; lastKnownFileType = sourcecode.swift; path = AppDelegate.swift; sourceTree = "<group>"; };
		365C24DA1BA47A0D00A731B2 /* FirstViewController.swift */ = {isa = PBXFileReference; lastKnownFileType = sourcecode.swift; path = FirstViewController.swift; sourceTree = "<group>"; };
		365C24DC1BA47A0D00A731B2 /* SecondViewController.swift */ = {isa = PBXFileReference; lastKnownFileType = sourcecode.swift; path = SecondViewController.swift; sourceTree = "<group>"; };
		365C24DF1BA47A0D00A731B2 /* Base */ = {isa = PBXFileReference; lastKnownFileType = file.storyboard; name = Base; path = Base.lproj/Main.storyboard; sourceTree = "<group>"; };
		365C24E11BA47A0D00A731B2 /* Images.xcassets */ = {isa = PBXFileReference; lastKnownFileType = folder.assetcatalog; path = Images.xcassets; sourceTree = "<group>"; };
		365C24E41BA47A0D00A731B2 /* Base */ = {isa = PBXFileReference; lastKnownFileType = file.xib; name = Base; path = Base.lproj/LaunchScreen.xib; sourceTree = "<group>"; };
		365C24EA1BA47A0D00A731B2 /* LetterChatTests.xctest */ = {isa = PBXFileReference; explicitFileType = wrapper.cfbundle; includeInIndex = 0; path = LetterChatTests.xctest; sourceTree = BUILT_PRODUCTS_DIR; };
		365C24EF1BA47A0D00A731B2 /* Info.plist */ = {isa = PBXFileReference; lastKnownFileType = text.plist.xml; path = Info.plist; sourceTree = "<group>"; };
		365C24F01BA47A0D00A731B2 /* LetterChatTests.swift */ = {isa = PBXFileReference; lastKnownFileType = sourcecode.swift; path = LetterChatTests.swift; sourceTree = "<group>"; };
		365C24FA1BA47C4500A731B2 /* DrawView.swift */ = {isa = PBXFileReference; fileEncoding = 4; lastKnownFileType = sourcecode.swift; path = DrawView.swift; sourceTree = "<group>"; };
/* End PBXFileReference section */

/* Begin PBXFrameworksBuildPhase section */
		365C24D01BA47A0C00A731B2 /* Frameworks */ = {
			isa = PBXFrameworksBuildPhase;
			buildActionMask = 2147483647;
			files = (
			);
			runOnlyForDeploymentPostprocessing = 0;
		};
		365C24E71BA47A0D00A731B2 /* Frameworks */ = {
			isa = PBXFrameworksBuildPhase;
			buildActionMask = 2147483647;
			files = (
			);
			runOnlyForDeploymentPostprocessing = 0;
		};
/* End PBXFrameworksBuildPhase section */

/* Begin PBXGroup section */
		365C24CA1BA47A0C00A731B2 = {
			isa = PBXGroup;
			children = (
				365C24D51BA47A0C00A731B2 /* LetterChat */,
				365C24ED1BA47A0D00A731B2 /* LetterChatTests */,
				365C24D41BA47A0C00A731B2 /* Products */,
			);
			sourceTree = "<group>";
		};
		365C24D41BA47A0C00A731B2 /* Products */ = {
			isa = PBXGroup;
			children = (
				365C24D31BA47A0C00A731B2 /* LetterChat.app */,
				365C24EA1BA47A0D00A731B2 /* LetterChatTests.xctest */,
			);
			name = Products;
			sourceTree = "<group>";
		};
		365C24D51BA47A0C00A731B2 /* LetterChat */ = {
			isa = PBXGroup;
			children = (
				365C24D81BA47A0C00A731B2 /* AppDelegate.swift */,
				365C24DA1BA47A0D00A731B2 /* FirstViewController.swift */,
				365C24FA1BA47C4500A731B2 /* DrawView.swift */,
				365C24DC1BA47A0D00A731B2 /* SecondViewController.swift */,
				365C24DE1BA47A0D00A731B2 /* Main.storyboard */,
				365C24E11BA47A0D00A731B2 /* Images.xcassets */,
				365C24E31BA47A0D00A731B2 /* LaunchScreen.xib */,
				365C24D61BA47A0C00A731B2 /* Supporting Files */,
			);
			path = LetterChat;
			sourceTree = "<group>";
		};
		365C24D61BA47A0C00A731B2 /* Supporting Files */ = {
			isa = PBXGroup;
			children = (
				365C24D71BA47A0C00A731B2 /* Info.plist */,
			);
			name = "Supporting Files";
			sourceTree = "<group>";
		};
		365C24ED1BA47A0D00A731B2 /* LetterChatTests */ = {
			isa = PBXGroup;
			children = (
				365C24F01BA47A0D00A731B2 /* LetterChatTests.swift */,
				365C24EE1BA47A0D00A731B2 /* Supporting Files */,
			);
			path = LetterChatTests;
			sourceTree = "<group>";
		};
		365C24EE1BA47A0D00A731B2 /* Supporting Files */ = {
			isa = PBXGroup;
			children = (
				365C24EF1BA47A0D00A731B2 /* Info.plist */,
			);
			name = "Supporting Files";
			sourceTree = "<group>";
		};
/* End PBXGroup section */

/* Begin PBXNativeTarget section */
		365C24D21BA47A0C00A731B2 /* LetterChat */ = {
			isa = PBXNativeTarget;
			buildConfigurationList = 365C24F41BA47A0D00A731B2 /* Build configuration list for PBXNativeTarget "LetterChat" */;
			buildPhases = (
				365C24CF1BA47A0C00A731B2 /* Sources */,
				365C24D01BA47A0C00A731B2 /* Frameworks */,
				365C24D11BA47A0C00A731B2 /* Resources */,
			);
			buildRules = (
			);
			dependencies = (
			);
			name = LetterChat;
			productName = LetterChat;
			productReference = 365C24D31BA47A0C00A731B2 /* LetterChat.app */;
			productType = "com.apple.product-type.application";
		};
		365C24E91BA47A0D00A731B2 /* LetterChatTests */ = {
			isa = PBXNativeTarget;
			buildConfigurationList = 365C24F71BA47A0D00A731B2 /* Build configuration list for PBXNativeTarget "LetterChatTests" */;
			buildPhases = (
				365C24E61BA47A0D00A731B2 /* Sources */,
				365C24E71BA47A0D00A731B2 /* Frameworks */,
				365C24E81BA47A0D00A731B2 /* Resources */,
			);
			buildRules = (
			);
			dependencies = (
				365C24EC1BA47A0D00A731B2 /* PBXTargetDependency */,
			);
			name = LetterChatTests;
			productName = LetterChatTests;
			productReference = 365C24EA1BA47A0D00A731B2 /* LetterChatTests.xctest */;
			productType = "com.apple.product-type.bundle.unit-test";
		};
/* End PBXNativeTarget section */

/* Begin PBXProject section */
		365C24CB1BA47A0C00A731B2 /* Project object */ = {
			isa = PBXProject;
			attributes = {
				LastUpgradeCheck = 0640;
				ORGANIZATIONNAME = "Erik Madsen";
				TargetAttributes = {
					365C24D21BA47A0C00A731B2 = {
						CreatedOnToolsVersion = 6.4;
					};
					365C24E91BA47A0D00A731B2 = {
						CreatedOnToolsVersion = 6.4;
						TestTargetID = 365C24D21BA47A0C00A731B2;
					};
				};
			};
			buildConfigurationList = 365C24CE1BA47A0C00A731B2 /* Build configuration list for PBXProject "LetterChat" */;
			compatibilityVersion = "Xcode 3.2";
			developmentRegion = English;
			hasScannedForEncodings = 0;
			knownRegions = (
				en,
				Base,
			);
			mainGroup = 365C24CA1BA47A0C00A731B2;
			productRefGroup = 365C24D41BA47A0C00A731B2 /* Products */;
			projectDirPath = "";
			projectRoot = "";
			targets = (
				365C24D21BA47A0C00A731B2 /* LetterChat */,
				365C24E91BA47A0D00A731B2 /* LetterChatTests */,
			);
		};
/* End PBXProject section */

/* Begin PBXResourcesBuildPhase section */
		365C24D11BA47A0C00A731B2 /* Resources */ = {
			isa = PBXResourcesBuildPhase;
			buildActionMask = 2147483647;
			files = (
				365C24E01BA47A0D00A731B2 /* Main.storyboard in Resources */,
				365C24E51BA47A0D00A731B2 /* LaunchScreen.xib in Resources */,
				365C24E21BA47A0D00A731B2 /* Images.xcassets in Resources */,
			);
			runOnlyForDeploymentPostprocessing = 0;
		};
		365C24E81BA47A0D00A731B2 /* Resources */ = {
			isa = PBXResourcesBuildPhase;
			buildActionMask = 2147483647;
			files = (
			);
			runOnlyForDeploymentPostprocessing = 0;
		};
/* End PBXResourcesBuildPhase section */

/* Begin PBXSourcesBuildPhase section */
		365C24CF1BA47A0C00A731B2 /* Sources */ = {
			isa = PBXSourcesBuildPhase;
			buildActionMask = 2147483647;
			files = (
				365C24DD1BA47A0D00A731B2 /* SecondViewController.swift in Sources */,
				365C24D91BA47A0C00A731B2 /* AppDelegate.swift in Sources */,
				365C24FB1BA47C4500A731B2 /* DrawView.swift in Sources */,
				365C24DB1BA47A0D00A731B2 /* FirstViewController.swift in Sources */,
			);
			runOnlyForDeploymentPostprocessing = 0;
		};
		365C24E61BA47A0D00A731B2 /* Sources */ = {
			isa = PBXSourcesBuildPhase;
			buildActionMask = 2147483647;
			files = (
				365C24F11BA47A0D00A731B2 /* LetterChatTests.swift in Sources */,
			);
			runOnlyForDeploymentPostprocessing = 0;
		};
/* End PBXSourcesBuildPhase section */

/* Begin PBXTargetDependency section */
		365C24EC1BA47A0D00A731B2 /* PBXTargetDependency */ = {
			isa = PBXTargetDependency;
			target = 365C24D21BA47A0C00A731B2 /* LetterChat */;
			targetProxy = 365C24EB1BA47A0D00A731B2 /* PBXContainerItemProxy */;
		};
/* End PBXTargetDependency section */

/* Begin PBXVariantGroup section */
		365C24DE1BA47A0D00A731B2 /* Main.storyboard */ = {
			isa = PBXVariantGroup;
			children = (
				365C24DF1BA47A0D00A731B2 /* Base */,
			);
			name = Main.storyboard;
			sourceTree = "<group>";
		};
		365C24E31BA47A0D00A731B2 /* LaunchScreen.xib */ = {
			isa = PBXVariantGroup;
			children = (
				365C24E41BA47A0D00A731B2 /* Base */,
			);
			name = LaunchScreen.xib;
			sourceTree = "<group>";
		};
/* End PBXVariantGroup section */

/* Begin XCBuildConfiguration section */
		365C24F21BA47A0D00A731B2 /* Debug */ = {
			isa = XCBuildConfiguration;
			buildSettings = {
				ALWAYS_SEARCH_USER_PATHS = NO;
				CLANG_CXX_LANGUAGE_STANDARD = "gnu++0x";
				CLANG_CXX_LIBRARY = "libc++";
				CLANG_ENABLE_MODULES = YES;
				CLANG_ENABLE_OBJC_ARC = YES;
				CLANG_WARN_BOOL_CONVERSION = YES;
				CLANG_WARN_CONSTANT_CONVERSION = YES;
				CLANG_WARN_DIRECT_OBJC_ISA_USAGE = YES_ERROR;
				CLANG_WARN_EMPTY_BODY = YES;
				CLANG_WARN_ENUM_CONVERSION = YES;
				CLANG_WARN_INT_CONVERSION = YES;
				CLANG_WARN_OBJC_ROOT_CLASS = YES_ERROR;
				CLANG_WARN_UNREACHABLE_CODE = YES;
				CLANG_WARN__DUPLICATE_METHOD_MATCH = YES;
				"CODE_SIGN_IDENTITY[sdk=iphoneos*]" = "iPhone Developer";
				COPY_PHASE_STRIP = NO;
				DEBUG_INFORMATION_FORMAT = "dwarf-with-dsym";
				ENABLE_STRICT_OBJC_MSGSEND = YES;
				GCC_C_LANGUAGE_STANDARD = gnu99;
				GCC_DYNAMIC_NO_PIC = NO;
				GCC_NO_COMMON_BLOCKS = YES;
				GCC_OPTIMIZATION_LEVEL = 0;
				GCC_PREPROCESSOR_DEFINITIONS = (
					"DEBUG=1",
					"$(inherited)",
				);
				GCC_SYMBOLS_PRIVATE_EXTERN = NO;
				GCC_WARN_64_TO_32_BIT_CONVERSION = YES;
				GCC_WARN_ABOUT_RETURN_TYPE = YES_ERROR;
				GCC_WARN_UNDECLARED_SELECTOR = YES;
				GCC_WARN_UNINITIALIZED_AUTOS = YES_AGGRESSIVE;
				GCC_WARN_UNUSED_FUNCTION = YES;
				GCC_WARN_UNUSED_VARIABLE = YES;
				IPHONEOS_DEPLOYMENT_TARGET = 8.4;
				MTL_ENABLE_DEBUG_INFO = YES;
				ONLY_ACTIVE_ARCH = YES;
				SDKROOT = iphoneos;
				SWIFT_OPTIMIZATION_LEVEL = "-Onone";
				TARGETED_DEVICE_FAMILY = "1,2";
			};
			name = Debug;
		};
		365C24F31BA47A0D00A731B2 /* Release */ = {
			isa = XCBuildConfiguration;
			buildSettings = {
				ALWAYS_SEARCH_USER_PATHS = NO;
				CLANG_CXX_LANGUAGE_STANDARD = "gnu++0x";
				CLANG_CXX_LIBRARY = "libc++";
				CLANG_ENABLE_MODULES = YES;
				CLANG_ENABLE_OBJC_ARC = YES;
				CLANG_WARN_BOOL_CONVERSION = YES;
				CLANG_WARN_CONSTANT_CONVERSION = YES;
				CLANG_WARN_DIRECT_OBJC_ISA_USAGE = YES_ERROR;
				CLANG_WARN_EMPTY_BODY = YES;
				CLANG_WARN_ENUM_CONVERSION = YES;
				CLANG_WARN_INT_CONVERSION = YES;
				CLANG_WARN_OBJC_ROOT_CLASS = YES_ERROR;
				CLANG_WARN_UNREACHABLE_CODE = YES;
				CLANG_WARN__DUPLICATE_METHOD_MATCH = YES;
				"CODE_SIGN_IDENTITY[sdk=iphoneos*]" = "iPhone Developer";
				COPY_PHASE_STRIP = NO;
				DEBUG_INFORMATION_FORMAT = "dwarf-with-dsym";
				ENABLE_NS_ASSERTIONS = NO;
				ENABLE_STRICT_OBJC_MSGSEND = YES;
				GCC_C_LANGUAGE_STANDARD = gnu99;
				GCC_NO_COMMON_BLOCKS = YES;
				GCC_WARN_64_TO_32_BIT_CONVERSION = YES;
				GCC_WARN_ABOUT_RETURN_TYPE = YES_ERROR;
				GCC_WARN_UNDECLARED_SELECTOR = YES;
				GCC_WARN_UNINITIALIZED_AUTOS = YES_AGGRESSIVE;
				GCC_WARN_UNUSED_FUNCTION = YES;
				GCC_WARN_UNUSED_VARIABLE = YES;
				IPHONEOS_DEPLOYMENT_TARGET = 8.4;
				MTL_ENABLE_DEBUG_INFO = NO;
				SDKROOT = iphoneos;
				TARGETED_DEVICE_FAMILY = "1,2";
				VALIDATE_PRODUCT = YES;
			};
			name = Release;
		};
		365C24F51BA47A0D00A731B2 /* Debug */ = {
			isa = XCBuildConfiguration;
			buildSettings = {
				ASSETCATALOG_COMPILER_APPICON_NAME = AppIcon;
				INFOPLIST_FILE = LetterChat/Info.plist;
				LD_RUNPATH_SEARCH_PATHS = "$(inherited) @executable_path/Frameworks";
				PRODUCT_NAME = "$(TARGET_NAME)";
			};
			name = Debug;
		};
		365C24F61BA47A0D00A731B2 /* Release */ = {
			isa = XCBuildConfiguration;
			buildSettings = {
				ASSETCATALOG_COMPILER_APPICON_NAME = AppIcon;
				INFOPLIST_FILE = LetterChat/Info.plist;
				LD_RUNPATH_SEARCH_PATHS = "$(inherited) @executable_path/Frameworks";
				PRODUCT_NAME = "$(TARGET_NAME)";
			};
			name = Release;
		};
		365C24F81BA47A0D00A731B2 /* Debug */ = {
			isa = XCBuildConfiguration;
			buildSettings = {
				BUNDLE_LOADER = "$(TEST_HOST)";
				FRAMEWORK_SEARCH_PATHS = (
					"$(SDKROOT)/Developer/Library/Frameworks",
					"$(inherited)",
				);
				GCC_PREPROCESSOR_DEFINITIONS = (
					"DEBUG=1",
					"$(inherited)",
				);
				INFOPLIST_FILE = LetterChatTests/Info.plist;
				LD_RUNPATH_SEARCH_PATHS = "$(inherited) @executable_path/Frameworks @loader_path/Frameworks";
				PRODUCT_NAME = "$(TARGET_NAME)";
				TEST_HOST = "$(BUILT_PRODUCTS_DIR)/LetterChat.app/LetterChat";
			};
			name = Debug;
		};
		365C24F91BA47A0D00A731B2 /* Release */ = {
			isa = XCBuildConfiguration;
			buildSettings = {
				BUNDLE_LOADER = "$(TEST_HOST)";
				FRAMEWORK_SEARCH_PATHS = (
					"$(SDKROOT)/Developer/Library/Frameworks",
					"$(inherited)",
				);
				INFOPLIST_FILE = LetterChatTests/Info.plist;
				LD_RUNPATH_SEARCH_PATHS = "$(inherited) @executable_path/Frameworks @loader_path/Frameworks";
				PRODUCT_NAME = "$(TARGET_NAME)";
				TEST_HOST = "$(BUILT_PRODUCTS_DIR)/LetterChat.app/LetterChat";
			};
			name = Release;
		};
/* End XCBuildConfiguration section */

/* Begin XCConfigurationList section */
		365C24CE1BA47A0C00A731B2 /* Build configuration list for PBXProject "LetterChat" */ = {
			isa = XCConfigurationList;
			buildConfigurations = (
				365C24F21BA47A0D00A731B2 /* Debug */,
				365C24F31BA47A0D00A731B2 /* Release */,
			);
			defaultConfigurationIsVisible = 0;
			defaultConfigurationName = Release;
		};
		365C24F41BA47A0D00A731B2 /* Build configuration list for PBXNativeTarget "LetterChat" */ = {
			isa = XCConfigurationList;
			buildConfigurations = (
				365C24F51BA47A0D00A731B2 /* Debug */,
				365C24F61BA47A0D00A731B2 /* Release */,
			);
			defaultConfigurationIsVisible = 0;
			defaultConfigurationName = Release;
		};
		365C24F71BA47A0D00A731B2 /* Build configuration list for PBXNativeTarget "LetterChatTests" */ = {
			isa = XCConfigurationList;
			buildConfigurations = (
				365C24F81BA47A0D00A731B2 /* Debug */,
				365C24F91BA47A0D00A731B2 /* Release */,
			);
			defaultConfigurationIsVisible = 0;
			defaultConfigurationName = Release;
		};
/* End XCConfigurationList section */
	};
	rootObject = 365C24CB1BA47A0C00A731B2 /* Project object */;
}
